// !$*UTF8*$!
{
	archiveVersion = 1;
	classes = {
	};
	objectVersion = 48;
	objects = {

/* Begin PBXBuildFile section */
		251E3C8C227337191E38769D /* Pods_UpgradedVenmo.framework in Frameworks */ = {isa = PBXBuildFile; fileRef = FB92E1A392173C121F7E6688 /* Pods_UpgradedVenmo.framework */; };
		8233C9141FDDEDCE00715468 /* AppNavigationDrawerController.swift in Sources */ = {isa = PBXBuildFile; fileRef = 8233C9131FDDEDCE00715468 /* AppNavigationDrawerController.swift */; };
		8233C9161FDDEE1E00715468 /* TransitionedViewController.swift in Sources */ = {isa = PBXBuildFile; fileRef = 8233C9151FDDEE1E00715468 /* TransitionedViewController.swift */; };
		8293D5D11FDD7C030012B826 /* AppDelegate.swift in Sources */ = {isa = PBXBuildFile; fileRef = 8293D5D01FDD7C030012B826 /* AppDelegate.swift */; };
		8293D5D31FDD7C030012B826 /* ViewController.swift in Sources */ = {isa = PBXBuildFile; fileRef = 8293D5D21FDD7C030012B826 /* ViewController.swift */; };
		8293D5D61FDD7C030012B826 /* Main.storyboard in Resources */ = {isa = PBXBuildFile; fileRef = 8293D5D41FDD7C030012B826 /* Main.storyboard */; };
		8293D5D81FDD7C030012B826 /* Assets.xcassets in Resources */ = {isa = PBXBuildFile; fileRef = 8293D5D71FDD7C030012B826 /* Assets.xcassets */; };
		8293D5DB1FDD7C030012B826 /* LaunchScreen.storyboard in Resources */ = {isa = PBXBuildFile; fileRef = 8293D5D91FDD7C030012B826 /* LaunchScreen.storyboard */; };
		8293D5E81FDDB4F90012B826 /* KeypadController.swift in Sources */ = {isa = PBXBuildFile; fileRef = 8293D5E71FDDB4F90012B826 /* KeypadController.swift */; };
		82F8A38E1FDDCAFC0013590F /* DrawerViewController.swift in Sources */ = {isa = PBXBuildFile; fileRef = 82F8A38D1FDDCAFC0013590F /* DrawerViewController.swift */; };
		82F8A3901FDDECB60013590F /* LeftViewController.swift in Sources */ = {isa = PBXBuildFile; fileRef = 82F8A38F1FDDECB60013590F /* LeftViewController.swift */; };
		82F8A3921FDDECFF0013590F /* AppToolbarController.swift in Sources */ = {isa = PBXBuildFile; fileRef = 82F8A3911FDDECFF0013590F /* AppToolbarController.swift */; };
		82FB62451FDDC086001B15F4 /* ConfirmedPayment.swift in Sources */ = {isa = PBXBuildFile; fileRef = 82FB62441FDDC086001B15F4 /* ConfirmedPayment.swift */; };
/* End PBXBuildFile section */

/* Begin PBXFileReference section */
		359183024879AB4C9E56D500 /* Pods-UpgradedVenmo.debug.xcconfig */ = {isa = PBXFileReference; includeInIndex = 1; lastKnownFileType = text.xcconfig; name = "Pods-UpgradedVenmo.debug.xcconfig"; path = "Pods/Target Support Files/Pods-UpgradedVenmo/Pods-UpgradedVenmo.debug.xcconfig"; sourceTree = "<group>"; };
		8233C9131FDDEDCE00715468 /* AppNavigationDrawerController.swift */ = {isa = PBXFileReference; lastKnownFileType = sourcecode.swift; path = AppNavigationDrawerController.swift; sourceTree = "<group>"; };
		8233C9151FDDEE1E00715468 /* TransitionedViewController.swift */ = {isa = PBXFileReference; lastKnownFileType = sourcecode.swift; path = TransitionedViewController.swift; sourceTree = "<group>"; };
		8293D5CD1FDD7C030012B826 /* UpgradedVenmo.app */ = {isa = PBXFileReference; explicitFileType = wrapper.application; includeInIndex = 0; path = UpgradedVenmo.app; sourceTree = BUILT_PRODUCTS_DIR; };
		8293D5D01FDD7C030012B826 /* AppDelegate.swift */ = {isa = PBXFileReference; lastKnownFileType = sourcecode.swift; path = AppDelegate.swift; sourceTree = "<group>"; };
		8293D5D21FDD7C030012B826 /* ViewController.swift */ = {isa = PBXFileReference; lastKnownFileType = sourcecode.swift; path = ViewController.swift; sourceTree = "<group>"; };
		8293D5D51FDD7C030012B826 /* Base */ = {isa = PBXFileReference; lastKnownFileType = file.storyboard; name = Base; path = Base.lproj/Main.storyboard; sourceTree = "<group>"; };
		8293D5D71FDD7C030012B826 /* Assets.xcassets */ = {isa = PBXFileReference; lastKnownFileType = folder.assetcatalog; path = Assets.xcassets; sourceTree = "<group>"; };
		8293D5DA1FDD7C030012B826 /* Base */ = {isa = PBXFileReference; lastKnownFileType = file.storyboard; name = Base; path = Base.lproj/LaunchScreen.storyboard; sourceTree = "<group>"; };
		8293D5DC1FDD7C030012B826 /* Info.plist */ = {isa = PBXFileReference; lastKnownFileType = text.plist.xml; path = Info.plist; sourceTree = "<group>"; };
		8293D5E61FDDA34A0012B826 /* UpgradedVenmo-Bridging-Header.h */ = {isa = PBXFileReference; lastKnownFileType = sourcecode.c.h; path = "UpgradedVenmo-Bridging-Header.h"; sourceTree = "<group>"; };
		8293D5E71FDDB4F90012B826 /* KeypadController.swift */ = {isa = PBXFileReference; lastKnownFileType = sourcecode.swift; path = KeypadController.swift; sourceTree = "<group>"; };
		82F8A38D1FDDCAFC0013590F /* DrawerViewController.swift */ = {isa = PBXFileReference; lastKnownFileType = sourcecode.swift; path = DrawerViewController.swift; sourceTree = "<group>"; };
		82F8A38F1FDDECB60013590F /* LeftViewController.swift */ = {isa = PBXFileReference; lastKnownFileType = sourcecode.swift; path = LeftViewController.swift; sourceTree = "<group>"; };
		82F8A3911FDDECFF0013590F /* AppToolbarController.swift */ = {isa = PBXFileReference; lastKnownFileType = sourcecode.swift; path = AppToolbarController.swift; sourceTree = "<group>"; };
		82FB62441FDDC086001B15F4 /* ConfirmedPayment.swift */ = {isa = PBXFileReference; lastKnownFileType = sourcecode.swift; path = ConfirmedPayment.swift; sourceTree = "<group>"; };
		B52759BFB17285D829C7B3F6 /* Pods-UpgradedVenmo.release.xcconfig */ = {isa = PBXFileReference; includeInIndex = 1; lastKnownFileType = text.xcconfig; name = "Pods-UpgradedVenmo.release.xcconfig"; path = "Pods/Target Support Files/Pods-UpgradedVenmo/Pods-UpgradedVenmo.release.xcconfig"; sourceTree = "<group>"; };
		FB92E1A392173C121F7E6688 /* Pods_UpgradedVenmo.framework */ = {isa = PBXFileReference; explicitFileType = wrapper.framework; includeInIndex = 0; path = Pods_UpgradedVenmo.framework; sourceTree = BUILT_PRODUCTS_DIR; };
/* End PBXFileReference section */

/* Begin PBXFrameworksBuildPhase section */
		8293D5CA1FDD7C030012B826 /* Frameworks */ = {
			isa = PBXFrameworksBuildPhase;
			buildActionMask = 2147483647;
			files = (
				251E3C8C227337191E38769D /* Pods_UpgradedVenmo.framework in Frameworks */,
			);
			runOnlyForDeploymentPostprocessing = 0;
		};
/* End PBXFrameworksBuildPhase section */

/* Begin PBXGroup section */
		20C989069742A9B31173DE1C /* Pods */ = {
			isa = PBXGroup;
			children = (
				359183024879AB4C9E56D500 /* Pods-UpgradedVenmo.debug.xcconfig */,
				B52759BFB17285D829C7B3F6 /* Pods-UpgradedVenmo.release.xcconfig */,
			);
			name = Pods;
			sourceTree = "<group>";
		};
		7EE63FB045A4DD94A45B6CC4 /* Frameworks */ = {
			isa = PBXGroup;
			children = (
				FB92E1A392173C121F7E6688 /* Pods_UpgradedVenmo.framework */,
			);
			name = Frameworks;
			sourceTree = "<group>";
		};
		8293D5C41FDD7C030012B826 = {
			isa = PBXGroup;
			children = (
				8293D5CF1FDD7C030012B826 /* UpgradedVenmo */,
				8293D5CE1FDD7C030012B826 /* Products */,
				20C989069742A9B31173DE1C /* Pods */,
				7EE63FB045A4DD94A45B6CC4 /* Frameworks */,
			);
			sourceTree = "<group>";
		};
		8293D5CE1FDD7C030012B826 /* Products */ = {
			isa = PBXGroup;
			children = (
				8293D5CD1FDD7C030012B826 /* UpgradedVenmo.app */,
			);
			name = Products;
			sourceTree = "<group>";
		};
		8293D5CF1FDD7C030012B826 /* UpgradedVenmo */ = {
			isa = PBXGroup;
			children = (
				8293D5D01FDD7C030012B826 /* AppDelegate.swift */,
				8293D5D21FDD7C030012B826 /* ViewController.swift */,
				8293D5D41FDD7C030012B826 /* Main.storyboard */,
				8293D5D71FDD7C030012B826 /* Assets.xcassets */,
				8293D5D91FDD7C030012B826 /* LaunchScreen.storyboard */,
				8293D5DC1FDD7C030012B826 /* Info.plist */,
				8293D5E61FDDA34A0012B826 /* UpgradedVenmo-Bridging-Header.h */,
				8293D5E71FDDB4F90012B826 /* KeypadController.swift */,
				82FB62441FDDC086001B15F4 /* ConfirmedPayment.swift */,
				82F8A38D1FDDCAFC0013590F /* DrawerViewController.swift */,
				82F8A38F1FDDECB60013590F /* LeftViewController.swift */,
				82F8A3911FDDECFF0013590F /* AppToolbarController.swift */,
				8233C9131FDDEDCE00715468 /* AppNavigationDrawerController.swift */,
				8233C9151FDDEE1E00715468 /* TransitionedViewController.swift */,
			);
			path = UpgradedVenmo;
			sourceTree = "<group>";
		};
/* End PBXGroup section */

/* Begin PBXNativeTarget section */
		8293D5CC1FDD7C030012B826 /* UpgradedVenmo */ = {
			isa = PBXNativeTarget;
			buildConfigurationList = 8293D5DF1FDD7C030012B826 /* Build configuration list for PBXNativeTarget "UpgradedVenmo" */;
			buildPhases = (
				36785A29F1AB8F1F9817C710 /* [CP] Check Pods Manifest.lock */,
				8293D5C91FDD7C030012B826 /* Sources */,
				8293D5CA1FDD7C030012B826 /* Frameworks */,
				8293D5CB1FDD7C030012B826 /* Resources */,
				B0370BE9DF4062363A54E4AB /* [CP] Embed Pods Frameworks */,
				1097864B20B237D14EB3E148 /* [CP] Copy Pods Resources */,
			);
			buildRules = (
			);
			dependencies = (
			);
			name = UpgradedVenmo;
			productName = UpgradedVenmo;
			productReference = 8293D5CD1FDD7C030012B826 /* UpgradedVenmo.app */;
			productType = "com.apple.product-type.application";
		};
/* End PBXNativeTarget section */

/* Begin PBXProject section */
		8293D5C51FDD7C030012B826 /* Project object */ = {
			isa = PBXProject;
			attributes = {
				LastSwiftUpdateCheck = 0920;
				LastUpgradeCheck = 0920;
				ORGANIZATIONNAME = "Bunchhieng Soth";
				TargetAttributes = {
					8293D5CC1FDD7C030012B826 = {
						CreatedOnToolsVersion = 9.2;
						LastSwiftMigration = 0920;
						ProvisioningStyle = Automatic;
					};
				};
			};
			buildConfigurationList = 8293D5C81FDD7C030012B826 /* Build configuration list for PBXProject "UpgradedVenmo" */;
			compatibilityVersion = "Xcode 8.0";
			developmentRegion = en;
			hasScannedForEncodings = 0;
			knownRegions = (
				en,
				Base,
			);
			mainGroup = 8293D5C41FDD7C030012B826;
			productRefGroup = 8293D5CE1FDD7C030012B826 /* Products */;
			projectDirPath = "";
			projectRoot = "";
			targets = (
				8293D5CC1FDD7C030012B826 /* UpgradedVenmo */,
			);
		};
/* End PBXProject section */

/* Begin PBXResourcesBuildPhase section */
		8293D5CB1FDD7C030012B826 /* Resources */ = {
			isa = PBXResourcesBuildPhase;
			buildActionMask = 2147483647;
			files = (
				8293D5DB1FDD7C030012B826 /* LaunchScreen.storyboard in Resources */,
				8293D5D81FDD7C030012B826 /* Assets.xcassets in Resources */,
				8293D5D61FDD7C030012B826 /* Main.storyboard in Resources */,
			);
			runOnlyForDeploymentPostprocessing = 0;
		};
/* End PBXResourcesBuildPhase section */

/* Begin PBXShellScriptBuildPhase section */
		1097864B20B237D14EB3E148 /* [CP] Copy Pods Resources */ = {
			isa = PBXShellScriptBuildPhase;
			buildActionMask = 2147483647;
			files = (
			);
			inputPaths = (
			);
			name = "[CP] Copy Pods Resources";
			outputPaths = (
			);
			runOnlyForDeploymentPostprocessing = 0;
			shellPath = /bin/sh;
			shellScript = "\"${SRCROOT}/Pods/Target Support Files/Pods-UpgradedVenmo/Pods-UpgradedVenmo-resources.sh\"\n";
			showEnvVarsInLog = 0;
		};
		36785A29F1AB8F1F9817C710 /* [CP] Check Pods Manifest.lock */ = {
			isa = PBXShellScriptBuildPhase;
			buildActionMask = 2147483647;
			files = (
			);
			inputPaths = (
				"${PODS_PODFILE_DIR_PATH}/Podfile.lock",
				"${PODS_ROOT}/Manifest.lock",
			);
			name = "[CP] Check Pods Manifest.lock";
			outputPaths = (
				"$(DERIVED_FILE_DIR)/Pods-UpgradedVenmo-checkManifestLockResult.txt",
			);
			runOnlyForDeploymentPostprocessing = 0;
			shellPath = /bin/sh;
			shellScript = "diff \"${PODS_PODFILE_DIR_PATH}/Podfile.lock\" \"${PODS_ROOT}/Manifest.lock\" > /dev/null\nif [ $? != 0 ] ; then\n    # print error to STDERR\n    echo \"error: The sandbox is not in sync with the Podfile.lock. Run 'pod install' or update your CocoaPods installation.\" >&2\n    exit 1\nfi\n# This output is used by Xcode 'outputs' to avoid re-running this script phase.\necho \"SUCCESS\" > \"${SCRIPT_OUTPUT_FILE_0}\"\n";
			showEnvVarsInLog = 0;
		};
		B0370BE9DF4062363A54E4AB /* [CP] Embed Pods Frameworks */ = {
			isa = PBXShellScriptBuildPhase;
			buildActionMask = 2147483647;
			files = (
			);
			inputPaths = (
				"${SRCROOT}/Pods/Target Support Files/Pods-UpgradedVenmo/Pods-UpgradedVenmo-frameworks.sh",
				"${BUILT_PRODUCTS_DIR}/Material/Material.framework",
				"${BUILT_PRODUCTS_DIR}/Motion/Motion.framework",
				"${BUILT_PRODUCTS_DIR}/NVActivityIndicatorView/NVActivityIndicatorView.framework",
				"${BUILT_PRODUCTS_DIR}/SlideMenuControllerSwift/SlideMenuControllerSwift.framework",
			);
			name = "[CP] Embed Pods Frameworks";
			outputPaths = (
				"${TARGET_BUILD_DIR}/${FRAMEWORKS_FOLDER_PATH}/Material.framework",
				"${TARGET_BUILD_DIR}/${FRAMEWORKS_FOLDER_PATH}/Motion.framework",
				"${TARGET_BUILD_DIR}/${FRAMEWORKS_FOLDER_PATH}/NVActivityIndicatorView.framework",
				"${TARGET_BUILD_DIR}/${FRAMEWORKS_FOLDER_PATH}/SlideMenuControllerSwift.framework",
			);
			runOnlyForDeploymentPostprocessing = 0;
			shellPath = /bin/sh;
			shellScript = "\"${SRCROOT}/Pods/Target Support Files/Pods-UpgradedVenmo/Pods-UpgradedVenmo-frameworks.sh\"\n";
			showEnvVarsInLog = 0;
		};
/* End PBXShellScriptBuildPhase section */

/* Begin PBXSourcesBuildPhase section */
		8293D5C91FDD7C030012B826 /* Sources */ = {
			isa = PBXSourcesBuildPhase;
			buildActionMask = 2147483647;
			files = (
				8233C9141FDDEDCE00715468 /* AppNavigationDrawerController.swift in Sources */,
				82F8A3921FDDECFF0013590F /* AppToolbarController.swift in Sources */,
				8293D5D31FDD7C030012B826 /* ViewController.swift in Sources */,
				8293D5D11FDD7C030012B826 /* AppDelegate.swift in Sources */,
				82F8A38E1FDDCAFC0013590F /* DrawerViewController.swift in Sources */,
				82F8A3901FDDECB60013590F /* LeftViewController.swift in Sources */,
				8233C9161FDDEE1E00715468 /* TransitionedViewController.swift in Sources */,
				82FB62451FDDC086001B15F4 /* ConfirmedPayment.swift in Sources */,
				8293D5E81FDDB4F90012B826 /* KeypadController.swift in Sources */,
			);
			runOnlyForDeploymentPostprocessing = 0;
		};
/* End PBXSourcesBuildPhase section */

/* Begin PBXVariantGroup section */
		8293D5D41FDD7C030012B826 /* Main.storyboard */ = {
			isa = PBXVariantGroup;
			children = (
				8293D5D51FDD7C030012B826 /* Base */,
			);
			name = Main.storyboard;
			sourceTree = "<group>";
		};
		8293D5D91FDD7C030012B826 /* LaunchScreen.storyboard */ = {
			isa = PBXVariantGroup;
			children = (
				8293D5DA1FDD7C030012B826 /* Base */,
			);
			name = LaunchScreen.storyboard;
			sourceTree = "<group>";
		};
/* End PBXVariantGroup section */

/* Begin XCBuildConfiguration section */
		8293D5DD1FDD7C030012B826 /* Debug */ = {
			isa = XCBuildConfiguration;
			buildSettings = {
				ALWAYS_SEARCH_USER_PATHS = NO;
				CLANG_ANALYZER_NONNULL = YES;
				CLANG_ANALYZER_NUMBER_OBJECT_CONVERSION = YES_AGGRESSIVE;
				CLANG_CXX_LANGUAGE_STANDARD = "gnu++14";
				CLANG_CXX_LIBRARY = "libc++";
				CLANG_ENABLE_MODULES = YES;
				CLANG_ENABLE_OBJC_ARC = YES;
				CLANG_WARN_BLOCK_CAPTURE_AUTORELEASING = YES;
				CLANG_WARN_BOOL_CONVERSION = YES;
				CLANG_WARN_COMMA = YES;
				CLANG_WARN_CONSTANT_CONVERSION = YES;
				CLANG_WARN_DIRECT_OBJC_ISA_USAGE = YES_ERROR;
				CLANG_WARN_DOCUMENTATION_COMMENTS = YES;
				CLANG_WARN_EMPTY_BODY = YES;
				CLANG_WARN_ENUM_CONVERSION = YES;
				CLANG_WARN_INFINITE_RECURSION = YES;
				CLANG_WARN_INT_CONVERSION = YES;
				CLANG_WARN_NON_LITERAL_NULL_CONVERSION = YES;
				CLANG_WARN_OBJC_LITERAL_CONVERSION = YES;
				CLANG_WARN_OBJC_ROOT_CLASS = YES_ERROR;
				CLANG_WARN_RANGE_LOOP_ANALYSIS = YES;
				CLANG_WARN_STRICT_PROTOTYPES = YES;
				CLANG_WARN_SUSPICIOUS_MOVE = YES;
				CLANG_WARN_UNGUARDED_AVAILABILITY = YES_AGGRESSIVE;
				CLANG_WARN_UNREACHABLE_CODE = YES;
				CLANG_WARN__DUPLICATE_METHOD_MATCH = YES;
				CODE_SIGN_IDENTITY = "iPhone Developer";
				COPY_PHASE_STRIP = NO;
				DEBUG_INFORMATION_FORMAT = dwarf;
				ENABLE_STRICT_OBJC_MSGSEND = YES;
				ENABLE_TESTABILITY = YES;
				GCC_C_LANGUAGE_STANDARD = gnu11;
				GCC_DYNAMIC_NO_PIC = NO;
				GCC_NO_COMMON_BLOCKS = YES;
				GCC_OPTIMIZATION_LEVEL = 0;
				GCC_PREPROCESSOR_DEFINITIONS = (
					"DEBUG=1",
					"$(inherited)",
				);
				GCC_WARN_64_TO_32_BIT_CONVERSION = YES;
				GCC_WARN_ABOUT_RETURN_TYPE = YES_ERROR;
				GCC_WARN_UNDECLARED_SELECTOR = YES;
				GCC_WARN_UNINITIALIZED_AUTOS = YES_AGGRESSIVE;
				GCC_WARN_UNUSED_FUNCTION = YES;
				GCC_WARN_UNUSED_VARIABLE = YES;
				IPHONEOS_DEPLOYMENT_TARGET = 11.2;
				MTL_ENABLE_DEBUG_INFO = YES;
				ONLY_ACTIVE_ARCH = YES;
				SDKROOT = iphoneos;
				SWIFT_ACTIVE_COMPILATION_CONDITIONS = DEBUG;
				SWIFT_OPTIMIZATION_LEVEL = "-Onone";
			};
			name = Debug;
		};
		8293D5DE1FDD7C030012B826 /* Release */ = {
			isa = XCBuildConfiguration;
			buildSettings = {
				ALWAYS_SEARCH_USER_PATHS = NO;
				CLANG_ANALYZER_NONNULL = YES;
				CLANG_ANALYZER_NUMBER_OBJECT_CONVERSION = YES_AGGRESSIVE;
				CLANG_CXX_LANGUAGE_STANDARD = "gnu++14";
				CLANG_CXX_LIBRARY = "libc++";
				CLANG_ENABLE_MODULES = YES;
				CLANG_ENABLE_OBJC_ARC = YES;
				CLANG_WARN_BLOCK_CAPTURE_AUTORELEASING = YES;
				CLANG_WARN_BOOL_CONVERSION = YES;
				CLANG_WARN_COMMA = YES;
				CLANG_WARN_CONSTANT_CONVERSION = YES;
				CLANG_WARN_DIRECT_OBJC_ISA_USAGE = YES_ERROR;
				CLANG_WARN_DOCUMENTATION_COMMENTS = YES;
				CLANG_WARN_EMPTY_BODY = YES;
				CLANG_WARN_ENUM_CONVERSION = YES;
				CLANG_WARN_INFINITE_RECURSION = YES;
				CLANG_WARN_INT_CONVERSION = YES;
				CLANG_WARN_NON_LITERAL_NULL_CONVERSION = YES;
				CLANG_WARN_OBJC_LITERAL_CONVERSION = YES;
				CLANG_WARN_OBJC_ROOT_CLASS = YES_ERROR;
				CLANG_WARN_RANGE_LOOP_ANALYSIS = YES;
				CLANG_WARN_STRICT_PROTOTYPES = YES;
				CLANG_WARN_SUSPICIOUS_MOVE = YES;
				CLANG_WARN_UNGUARDED_AVAILABILITY = YES_AGGRESSIVE;
				CLANG_WARN_UNREACHABLE_CODE = YES;
				CLANG_WARN__DUPLICATE_METHOD_MATCH = YES;
				CODE_SIGN_IDENTITY = "iPhone Developer";
				COPY_PHASE_STRIP = NO;
				DEBUG_INFORMATION_FORMAT = "dwarf-with-dsym";
				ENABLE_NS_ASSERTIONS = NO;
				ENABLE_STRICT_OBJC_MSGSEND = YES;
				GCC_C_LANGUAGE_STANDARD = gnu11;
				GCC_NO_COMMON_BLOCKS = YES;
				GCC_WARN_64_TO_32_BIT_CONVERSION = YES;
				GCC_WARN_ABOUT_RETURN_TYPE = YES_ERROR;
				GCC_WARN_UNDECLARED_SELECTOR = YES;
				GCC_WARN_UNINITIALIZED_AUTOS = YES_AGGRESSIVE;
				GCC_WARN_UNUSED_FUNCTION = YES;
				GCC_WARN_UNUSED_VARIABLE = YES;
				IPHONEOS_DEPLOYMENT_TARGET = 11.2;
				MTL_ENABLE_DEBUG_INFO = NO;
				SDKROOT = iphoneos;
				SWIFT_OPTIMIZATION_LEVEL = "-Owholemodule";
				VALIDATE_PRODUCT = YES;
			};
			name = Release;
		};
		8293D5E01FDD7C030012B826 /* Debug */ = {
			isa = XCBuildConfiguration;
			baseConfigurationReference = 359183024879AB4C9E56D500 /* Pods-UpgradedVenmo.debug.xcconfig */;
			buildSettings = {
				ASSETCATALOG_COMPILER_APPICON_NAME = AppIcon;
				CLANG_ENABLE_MODULES = YES;
				CODE_SIGN_STYLE = Automatic;
				DEVELOPMENT_TEAM = 33NALUPQ69;
				INFOPLIST_FILE = UpgradedVenmo/Info.plist;
				LD_RUNPATH_SEARCH_PATHS = "$(inherited) @executable_path/Frameworks";
				PRODUCT_BUNDLE_IDENTIFIER = com.bunchhieng.UpgradedVenmo;
				PRODUCT_NAME = "$(TARGET_NAME)";
				SWIFT_OBJC_BRIDGING_HEADER = "UpgradedVenmo/UpgradedVenmo-Bridging-Header.h";
				SWIFT_OPTIMIZATION_LEVEL = "-Onone";
				SWIFT_VERSION = 4.0;
				TARGETED_DEVICE_FAMILY = 1;
			};
			name = Debug;
		};
		8293D5E11FDD7C030012B826 /* Release */ = {
			isa = XCBuildConfiguration;
			baseConfigurationReference = B52759BFB17285D829C7B3F6 /* Pods-UpgradedVenmo.release.xcconfig */;
			buildSettings = {
				ASSETCATALOG_COMPILER_APPICON_NAME = AppIcon;
				CLANG_ENABLE_MODULES = YES;
				CODE_SIGN_STYLE = Automatic;
				DEVELOPMENT_TEAM = 33NALUPQ69;
				INFOPLIST_FILE = UpgradedVenmo/Info.plist;
				LD_RUNPATH_SEARCH_PATHS = "$(inherited) @executable_path/Frameworks";
				PRODUCT_BUNDLE_IDENTIFIER = com.bunchhieng.UpgradedVenmo;
				PRODUCT_NAME = "$(TARGET_NAME)";
				SWIFT_OBJC_BRIDGING_HEADER = "UpgradedVenmo/UpgradedVenmo-Bridging-Header.h";
				SWIFT_VERSION = 4.0;
				TARGETED_DEVICE_FAMILY = 1;
			};
			name = Release;
		};
/* End XCBuildConfiguration section */

/* Begin XCConfigurationList section */
		8293D5C81FDD7C030012B826 /* Build configuration list for PBXProject "UpgradedVenmo" */ = {
			isa = XCConfigurationList;
			buildConfigurations = (
				8293D5DD1FDD7C030012B826 /* Debug */,
				8293D5DE1FDD7C030012B826 /* Release */,
			);
			defaultConfigurationIsVisible = 0;
			defaultConfigurationName = Release;
		};
		8293D5DF1FDD7C030012B826 /* Build configuration list for PBXNativeTarget "UpgradedVenmo" */ = {
			isa = XCConfigurationList;
			buildConfigurations = (
				8293D5E01FDD7C030012B826 /* Debug */,
				8293D5E11FDD7C030012B826 /* Release */,
			);
			defaultConfigurationIsVisible = 0;
			defaultConfigurationName = Release;
		};
/* End XCConfigurationList section */
	};
	rootObject = 8293D5C51FDD7C030012B826 /* Project object */;
}
